// !$*UTF8*$!
{
	archiveVersion = 1;
	classes = {
	};
	objectVersion = 46;
	objects = {

/* Begin PBXBuildFile section */
		2C0574821EDD9E8E00D9E7F2 /* main.m in Sources */ = {isa = PBXBuildFile; fileRef = 2C0574811EDD9E8E00D9E7F2 /* main.m */; };
		2C0574851EDD9E8E00D9E7F2 /* AppDelegate.m in Sources */ = {isa = PBXBuildFile; fileRef = 2C0574841EDD9E8E00D9E7F2 /* AppDelegate.m */; };
		2C05748E1EDD9E8E00D9E7F2 /* Main.storyboard in Resources */ = {isa = PBXBuildFile; fileRef = 2C05748C1EDD9E8E00D9E7F2 /* Main.storyboard */; };
		2C0574931EDD9E8E00D9E7F2 /* LaunchScreen.storyboard in Resources */ = {isa = PBXBuildFile; fileRef = 2C0574911EDD9E8E00D9E7F2 /* LaunchScreen.storyboard */; };
		2C0574A41EDDA2E300D9E7F2 /* LoginViewController.m in Sources */ = {isa = PBXBuildFile; fileRef = 2C0574A21EDDA2E300D9E7F2 /* LoginViewController.m */; };
		2C0574A51EDDA2E300D9E7F2 /* LoginViewController.xib in Resources */ = {isa = PBXBuildFile; fileRef = 2C0574A31EDDA2E300D9E7F2 /* LoginViewController.xib */; };
		2C2E64251F3462AF00D39CE8 /* NCSignalingMessage.m in Sources */ = {isa = PBXBuildFile; fileRef = 2C2E64241F3462AF00D39CE8 /* NCSignalingMessage.m */; };
		2C4D7D5A1F2F6D4500FF4A0D /* CallViewController.m in Sources */ = {isa = PBXBuildFile; fileRef = 2C4D7D581F2F6D4500FF4A0D /* CallViewController.m */; };
		2C4D7D5B1F2F6D4500FF4A0D /* CallViewController.xib in Resources */ = {isa = PBXBuildFile; fileRef = 2C4D7D591F2F6D4500FF4A0D /* CallViewController.xib */; };
		2C4D7D5D1F2F6E9600FF4A0D /* WebRTC.framework in Frameworks */ = {isa = PBXBuildFile; fileRef = 2C4D7D5C1F2F6E9600FF4A0D /* WebRTC.framework */; };
		2C4D7D5E1F2F6E9600FF4A0D /* WebRTC.framework in Embed Frameworks */ = {isa = PBXBuildFile; fileRef = 2C4D7D5C1F2F6E9600FF4A0D /* WebRTC.framework */; settings = {ATTRIBUTES = (CodeSignOnCopy, RemoveHeadersOnCopy, ); }; };
		2C4D7D631F2F7C2C00FF4A0D /* ARDCaptureController.m in Sources */ = {isa = PBXBuildFile; fileRef = 2C4D7D621F2F7C2C00FF4A0D /* ARDCaptureController.m */; };
		2C4D7D691F2F7DBC00FF4A0D /* ARDSettingsModel.m in Sources */ = {isa = PBXBuildFile; fileRef = 2C4D7D651F2F7DBC00FF4A0D /* ARDSettingsModel.m */; };
		2C4D7D6A1F2F7DBC00FF4A0D /* ARDSettingsStore.m in Sources */ = {isa = PBXBuildFile; fileRef = 2C4D7D681F2F7DBC00FF4A0D /* ARDSettingsStore.m */; };
		2C4D7D721F309DA500FF4A0D /* RTCIceCandidate+JSON.m in Sources */ = {isa = PBXBuildFile; fileRef = 2C4D7D6E1F309DA500FF4A0D /* RTCIceCandidate+JSON.m */; };
		2C4D7D731F309DA500FF4A0D /* RTCSessionDescription+JSON.m in Sources */ = {isa = PBXBuildFile; fileRef = 2C4D7D701F309DA500FF4A0D /* RTCSessionDescription+JSON.m */; };
		2C4D7D761F30F7B600FF4A0D /* ARDUtilities.m in Sources */ = {isa = PBXBuildFile; fileRef = 2C4D7D751F30F7B600FF4A0D /* ARDUtilities.m */; };
		2C90E5641EDDE0FB0093D85A /* Foundation.framework in Frameworks */ = {isa = PBXBuildFile; fileRef = 2C90E5631EDDE0FB0093D85A /* Foundation.framework */; };
		2C90E5671EDDE1340093D85A /* CoreGraphics.framework in Frameworks */ = {isa = PBXBuildFile; fileRef = 2C90E5661EDDE1340093D85A /* CoreGraphics.framework */; };
		2C90E5691EDDE13A0093D85A /* UIKit.framework in Frameworks */ = {isa = PBXBuildFile; fileRef = 2C90E5681EDDE13A0093D85A /* UIKit.framework */; };
		2C90E5CF1EDF23A00093D85A /* WebKit.framework in Frameworks */ = {isa = PBXBuildFile; fileRef = 2C90E5CE1EDF23A00093D85A /* WebKit.framework */; };
		2C90E5D31EE80C870093D85A /* AuthenticationViewController.m in Sources */ = {isa = PBXBuildFile; fileRef = 2C90E5D11EE80C870093D85A /* AuthenticationViewController.m */; };
		2C92195C1F58530B008AC1A3 /* UIImageView+Letters.m in Sources */ = {isa = PBXBuildFile; fileRef = 2C92195B1F58530B008AC1A3 /* UIImageView+Letters.m */; };
		2C9E6CCE1F6F34F000399B7A /* ARDSDPUtils.m in Sources */ = {isa = PBXBuildFile; fileRef = 2C9E6CCD1F6F34F000399B7A /* ARDSDPUtils.m */; };
		2CA1CC911F014354002FE6A2 /* NCConnectionController.m in Sources */ = {isa = PBXBuildFile; fileRef = 2CA1CC901F014354002FE6A2 /* NCConnectionController.m */; };
		2CA1CC951F014EF9002FE6A2 /* NCSettingsController.m in Sources */ = {isa = PBXBuildFile; fileRef = 2CA1CC941F014EF9002FE6A2 /* NCSettingsController.m */; };
		2CA1CC971F016117002FE6A2 /* Security.framework in Frameworks */ = {isa = PBXBuildFile; fileRef = 2CA1CC961F016117002FE6A2 /* Security.framework */; };
		2CA1CC9A1F0161EA002FE6A2 /* UICKeyChainStore.m in Sources */ = {isa = PBXBuildFile; fileRef = 2CA1CC991F0161EA002FE6A2 /* UICKeyChainStore.m */; };
		2CA1CCA41F025F64002FE6A2 /* CallsTableViewController.m in Sources */ = {isa = PBXBuildFile; fileRef = 2CA1CCA31F025F64002FE6A2 /* CallsTableViewController.m */; };
		2CA1CCA71F026222002FE6A2 /* ContactsTableViewController.m in Sources */ = {isa = PBXBuildFile; fileRef = 2CA1CCA61F026222002FE6A2 /* ContactsTableViewController.m */; };
		2CA1CCAA1F02D1A4002FE6A2 /* NCAPIController.m in Sources */ = {isa = PBXBuildFile; fileRef = 2CA1CCA91F02D1A4002FE6A2 /* NCAPIController.m */; };
		2CA1CCAC1F067F35002FE6A2 /* Images.xcassets in Resources */ = {isa = PBXBuildFile; fileRef = 2CA1CCAB1F067F35002FE6A2 /* Images.xcassets */; };
		2CA1CCB51F0D0D5E002FE6A2 /* SettingsViewController.m in Sources */ = {isa = PBXBuildFile; fileRef = 2CA1CCB41F0D0D5E002FE6A2 /* SettingsViewController.m */; };
		2CA1CCC31F166CC5002FE6A2 /* NCRoom.m in Sources */ = {isa = PBXBuildFile; fileRef = 2CA1CCC21F166CC5002FE6A2 /* NCRoom.m */; };
		2CA1CCCA1F17C503002FE6A2 /* AudioToolbox.framework in Frameworks */ = {isa = PBXBuildFile; fileRef = 2CA1CCC91F17C503002FE6A2 /* AudioToolbox.framework */; };
		2CA1CCCD1F181741002FE6A2 /* NCUser.m in Sources */ = {isa = PBXBuildFile; fileRef = 2CA1CCCC1F181741002FE6A2 /* NCUser.m */; };
		2CA1CCD01F1E1779002FE6A2 /* SearchTableViewController.m in Sources */ = {isa = PBXBuildFile; fileRef = 2CA1CCCF1F1E1779002FE6A2 /* SearchTableViewController.m */; };
		2CA1CCD61F1E664C002FE6A2 /* ContactsTableViewCell.m in Sources */ = {isa = PBXBuildFile; fileRef = 2CA1CCD41F1E664C002FE6A2 /* ContactsTableViewCell.m */; };
		2CA1CCD71F1E664C002FE6A2 /* ContactsTableViewCell.xib in Resources */ = {isa = PBXBuildFile; fileRef = 2CA1CCD51F1E664C002FE6A2 /* ContactsTableViewCell.xib */; };
		2CA1CCDB1F1F6FCA002FE6A2 /* CallsTableViewCell.m in Sources */ = {isa = PBXBuildFile; fileRef = 2CA1CCD91F1F6FCA002FE6A2 /* CallsTableViewCell.m */; };
		2CA1CCDC1F1F6FCA002FE6A2 /* CallsTableViewCell.xib in Resources */ = {isa = PBXBuildFile; fileRef = 2CA1CCDA1F1F6FCA002FE6A2 /* CallsTableViewCell.xib */; };
		DB6A892B5CEBD4812F7C52EF /* libPods-VideoCalls.a in Frameworks */ = {isa = PBXBuildFile; fileRef = 6267808DF11BEB859C0BE9F1 /* libPods-VideoCalls.a */; };
/* End PBXBuildFile section */

/* Begin PBXCopyFilesBuildPhase section */
		2C4D7D5F1F2F6E9600FF4A0D /* Embed Frameworks */ = {
			isa = PBXCopyFilesBuildPhase;
			buildActionMask = 2147483647;
			dstPath = "";
			dstSubfolderSpec = 10;
			files = (
				2C4D7D5E1F2F6E9600FF4A0D /* WebRTC.framework in Embed Frameworks */,
			);
			name = "Embed Frameworks";
			runOnlyForDeploymentPostprocessing = 0;
		};
/* End PBXCopyFilesBuildPhase section */

/* Begin PBXFileReference section */
		2C05747D1EDD9E8E00D9E7F2 /* VideoCalls.app */ = {isa = PBXFileReference; explicitFileType = wrapper.application; includeInIndex = 0; path = VideoCalls.app; sourceTree = BUILT_PRODUCTS_DIR; };
		2C0574811EDD9E8E00D9E7F2 /* main.m */ = {isa = PBXFileReference; lastKnownFileType = sourcecode.c.objc; path = main.m; sourceTree = "<group>"; };
		2C0574831EDD9E8E00D9E7F2 /* AppDelegate.h */ = {isa = PBXFileReference; lastKnownFileType = sourcecode.c.h; path = AppDelegate.h; sourceTree = "<group>"; };
		2C0574841EDD9E8E00D9E7F2 /* AppDelegate.m */ = {isa = PBXFileReference; lastKnownFileType = sourcecode.c.objc; path = AppDelegate.m; sourceTree = "<group>"; };
		2C05748D1EDD9E8E00D9E7F2 /* Base */ = {isa = PBXFileReference; lastKnownFileType = file.storyboard; name = Base; path = Base.lproj/Main.storyboard; sourceTree = "<group>"; };
		2C0574921EDD9E8E00D9E7F2 /* Base */ = {isa = PBXFileReference; lastKnownFileType = file.storyboard; name = Base; path = Base.lproj/LaunchScreen.storyboard; sourceTree = "<group>"; };
		2C0574941EDD9E8E00D9E7F2 /* Info.plist */ = {isa = PBXFileReference; lastKnownFileType = text.plist.xml; path = Info.plist; sourceTree = "<group>"; };
		2C0574A11EDDA2E300D9E7F2 /* LoginViewController.h */ = {isa = PBXFileReference; fileEncoding = 4; lastKnownFileType = sourcecode.c.h; path = LoginViewController.h; sourceTree = "<group>"; };
		2C0574A21EDDA2E300D9E7F2 /* LoginViewController.m */ = {isa = PBXFileReference; fileEncoding = 4; lastKnownFileType = sourcecode.c.objc; path = LoginViewController.m; sourceTree = "<group>"; };
		2C0574A31EDDA2E300D9E7F2 /* LoginViewController.xib */ = {isa = PBXFileReference; fileEncoding = 4; lastKnownFileType = file.xib; path = LoginViewController.xib; sourceTree = "<group>"; };
		2C2E64231F3462AF00D39CE8 /* NCSignalingMessage.h */ = {isa = PBXFileReference; fileEncoding = 4; lastKnownFileType = sourcecode.c.h; path = NCSignalingMessage.h; sourceTree = "<group>"; };
		2C2E64241F3462AF00D39CE8 /* NCSignalingMessage.m */ = {isa = PBXFileReference; fileEncoding = 4; lastKnownFileType = sourcecode.c.objc; path = NCSignalingMessage.m; sourceTree = "<group>"; };
		2C4D7D551F2F607E00FF4A0D /* WebRTC.framework */ = {isa = PBXFileReference; lastKnownFileType = wrapper.framework; name = WebRTC.framework; path = ThirdParty/WebRTC/WebRTC.framework; sourceTree = "<group>"; };
		2C4D7D571F2F6D4500FF4A0D /* CallViewController.h */ = {isa = PBXFileReference; fileEncoding = 4; lastKnownFileType = sourcecode.c.h; path = CallViewController.h; sourceTree = "<group>"; };
		2C4D7D581F2F6D4500FF4A0D /* CallViewController.m */ = {isa = PBXFileReference; fileEncoding = 4; lastKnownFileType = sourcecode.c.objc; path = CallViewController.m; sourceTree = "<group>"; };
		2C4D7D591F2F6D4500FF4A0D /* CallViewController.xib */ = {isa = PBXFileReference; fileEncoding = 4; lastKnownFileType = file.xib; path = CallViewController.xib; sourceTree = "<group>"; };
		2C4D7D5C1F2F6E9600FF4A0D /* WebRTC.framework */ = {isa = PBXFileReference; lastKnownFileType = wrapper.framework; name = WebRTC.framework; path = ThirdParty/WebRTC/WebRTC.framework; sourceTree = "<group>"; };
		2C4D7D611F2F7C2C00FF4A0D /* ARDCaptureController.h */ = {isa = PBXFileReference; fileEncoding = 4; lastKnownFileType = sourcecode.c.h; path = ARDCaptureController.h; sourceTree = "<group>"; };
		2C4D7D621F2F7C2C00FF4A0D /* ARDCaptureController.m */ = {isa = PBXFileReference; fileEncoding = 4; lastKnownFileType = sourcecode.c.objc; path = ARDCaptureController.m; sourceTree = "<group>"; };
		2C4D7D641F2F7DBC00FF4A0D /* ARDSettingsModel.h */ = {isa = PBXFileReference; fileEncoding = 4; lastKnownFileType = sourcecode.c.h; path = ARDSettingsModel.h; sourceTree = "<group>"; };
		2C4D7D651F2F7DBC00FF4A0D /* ARDSettingsModel.m */ = {isa = PBXFileReference; fileEncoding = 4; lastKnownFileType = sourcecode.c.objc; path = ARDSettingsModel.m; sourceTree = "<group>"; };
		2C4D7D661F2F7DBC00FF4A0D /* ARDSettingsModel+Private.h */ = {isa = PBXFileReference; fileEncoding = 4; lastKnownFileType = sourcecode.c.h; path = "ARDSettingsModel+Private.h"; sourceTree = "<group>"; };
		2C4D7D671F2F7DBC00FF4A0D /* ARDSettingsStore.h */ = {isa = PBXFileReference; fileEncoding = 4; lastKnownFileType = sourcecode.c.h; path = ARDSettingsStore.h; sourceTree = "<group>"; };
		2C4D7D681F2F7DBC00FF4A0D /* ARDSettingsStore.m */ = {isa = PBXFileReference; fileEncoding = 4; lastKnownFileType = sourcecode.c.objc; path = ARDSettingsStore.m; sourceTree = "<group>"; };
		2C4D7D6D1F309DA500FF4A0D /* RTCIceCandidate+JSON.h */ = {isa = PBXFileReference; fileEncoding = 4; lastKnownFileType = sourcecode.c.h; path = "RTCIceCandidate+JSON.h"; sourceTree = "<group>"; };
		2C4D7D6E1F309DA500FF4A0D /* RTCIceCandidate+JSON.m */ = {isa = PBXFileReference; fileEncoding = 4; lastKnownFileType = sourcecode.c.objc; path = "RTCIceCandidate+JSON.m"; sourceTree = "<group>"; };
		2C4D7D6F1F309DA500FF4A0D /* RTCSessionDescription+JSON.h */ = {isa = PBXFileReference; fileEncoding = 4; lastKnownFileType = sourcecode.c.h; path = "RTCSessionDescription+JSON.h"; sourceTree = "<group>"; };
		2C4D7D701F309DA500FF4A0D /* RTCSessionDescription+JSON.m */ = {isa = PBXFileReference; fileEncoding = 4; lastKnownFileType = sourcecode.c.objc; path = "RTCSessionDescription+JSON.m"; sourceTree = "<group>"; };
		2C4D7D741F30F7B600FF4A0D /* ARDUtilities.h */ = {isa = PBXFileReference; fileEncoding = 4; lastKnownFileType = sourcecode.c.h; path = ARDUtilities.h; sourceTree = "<group>"; };
		2C4D7D751F30F7B600FF4A0D /* ARDUtilities.m */ = {isa = PBXFileReference; fileEncoding = 4; lastKnownFileType = sourcecode.c.objc; path = ARDUtilities.m; sourceTree = "<group>"; };
		2C90E5631EDDE0FB0093D85A /* Foundation.framework */ = {isa = PBXFileReference; lastKnownFileType = wrapper.framework; name = Foundation.framework; path = System/Library/Frameworks/Foundation.framework; sourceTree = SDKROOT; };
		2C90E5661EDDE1340093D85A /* CoreGraphics.framework */ = {isa = PBXFileReference; lastKnownFileType = wrapper.framework; name = CoreGraphics.framework; path = System/Library/Frameworks/CoreGraphics.framework; sourceTree = SDKROOT; };
		2C90E5681EDDE13A0093D85A /* UIKit.framework */ = {isa = PBXFileReference; lastKnownFileType = wrapper.framework; name = UIKit.framework; path = System/Library/Frameworks/UIKit.framework; sourceTree = SDKROOT; };
		2C90E5CE1EDF23A00093D85A /* WebKit.framework */ = {isa = PBXFileReference; lastKnownFileType = wrapper.framework; name = WebKit.framework; path = System/Library/Frameworks/WebKit.framework; sourceTree = SDKROOT; };
		2C90E5D01EE80C870093D85A /* AuthenticationViewController.h */ = {isa = PBXFileReference; fileEncoding = 4; lastKnownFileType = sourcecode.c.h; path = AuthenticationViewController.h; sourceTree = "<group>"; };
		2C90E5D11EE80C870093D85A /* AuthenticationViewController.m */ = {isa = PBXFileReference; fileEncoding = 4; lastKnownFileType = sourcecode.c.objc; path = AuthenticationViewController.m; sourceTree = "<group>"; };
		2C92195A1F58530B008AC1A3 /* UIImageView+Letters.h */ = {isa = PBXFileReference; fileEncoding = 4; lastKnownFileType = sourcecode.c.h; path = "UIImageView+Letters.h"; sourceTree = "<group>"; };
		2C92195B1F58530B008AC1A3 /* UIImageView+Letters.m */ = {isa = PBXFileReference; fileEncoding = 4; lastKnownFileType = sourcecode.c.objc; path = "UIImageView+Letters.m"; sourceTree = "<group>"; };
		2C9E6CCC1F6F34F000399B7A /* ARDSDPUtils.h */ = {isa = PBXFileReference; fileEncoding = 4; lastKnownFileType = sourcecode.c.h; path = ARDSDPUtils.h; sourceTree = "<group>"; };
		2C9E6CCD1F6F34F000399B7A /* ARDSDPUtils.m */ = {isa = PBXFileReference; fileEncoding = 4; lastKnownFileType = sourcecode.c.objc; path = ARDSDPUtils.m; sourceTree = "<group>"; };
		2CA1CC8F1F014354002FE6A2 /* NCConnectionController.h */ = {isa = PBXFileReference; fileEncoding = 4; lastKnownFileType = sourcecode.c.h; path = NCConnectionController.h; sourceTree = "<group>"; };
		2CA1CC901F014354002FE6A2 /* NCConnectionController.m */ = {isa = PBXFileReference; fileEncoding = 4; lastKnownFileType = sourcecode.c.objc; path = NCConnectionController.m; sourceTree = "<group>"; };
		2CA1CC931F014EF9002FE6A2 /* NCSettingsController.h */ = {isa = PBXFileReference; fileEncoding = 4; lastKnownFileType = sourcecode.c.h; path = NCSettingsController.h; sourceTree = "<group>"; };
		2CA1CC941F014EF9002FE6A2 /* NCSettingsController.m */ = {isa = PBXFileReference; fileEncoding = 4; lastKnownFileType = sourcecode.c.objc; path = NCSettingsController.m; sourceTree = "<group>"; };
		2CA1CC961F016117002FE6A2 /* Security.framework */ = {isa = PBXFileReference; lastKnownFileType = wrapper.framework; name = Security.framework; path = System/Library/Frameworks/Security.framework; sourceTree = SDKROOT; };
		2CA1CC981F0161EA002FE6A2 /* UICKeyChainStore.h */ = {isa = PBXFileReference; fileEncoding = 4; lastKnownFileType = sourcecode.c.h; name = UICKeyChainStore.h; path = ThirdParty/UICKeyChainStore/UICKeyChainStore.h; sourceTree = "<group>"; };
		2CA1CC991F0161EA002FE6A2 /* UICKeyChainStore.m */ = {isa = PBXFileReference; fileEncoding = 4; lastKnownFileType = sourcecode.c.objc; name = UICKeyChainStore.m; path = ThirdParty/UICKeyChainStore/UICKeyChainStore.m; sourceTree = "<group>"; };
		2CA1CCA21F025F64002FE6A2 /* CallsTableViewController.h */ = {isa = PBXFileReference; fileEncoding = 4; lastKnownFileType = sourcecode.c.h; path = CallsTableViewController.h; sourceTree = "<group>"; };
		2CA1CCA31F025F64002FE6A2 /* CallsTableViewController.m */ = {isa = PBXFileReference; fileEncoding = 4; lastKnownFileType = sourcecode.c.objc; path = CallsTableViewController.m; sourceTree = "<group>"; };
		2CA1CCA51F026222002FE6A2 /* ContactsTableViewController.h */ = {isa = PBXFileReference; fileEncoding = 4; lastKnownFileType = sourcecode.c.h; path = ContactsTableViewController.h; sourceTree = "<group>"; };
		2CA1CCA61F026222002FE6A2 /* ContactsTableViewController.m */ = {isa = PBXFileReference; fileEncoding = 4; lastKnownFileType = sourcecode.c.objc; path = ContactsTableViewController.m; sourceTree = "<group>"; };
		2CA1CCA81F02D1A4002FE6A2 /* NCAPIController.h */ = {isa = PBXFileReference; fileEncoding = 4; lastKnownFileType = sourcecode.c.h; path = NCAPIController.h; sourceTree = "<group>"; };
		2CA1CCA91F02D1A4002FE6A2 /* NCAPIController.m */ = {isa = PBXFileReference; fileEncoding = 4; lastKnownFileType = sourcecode.c.objc; path = NCAPIController.m; sourceTree = "<group>"; };
		2CA1CCAB1F067F35002FE6A2 /* Images.xcassets */ = {isa = PBXFileReference; lastKnownFileType = folder.assetcatalog; path = Images.xcassets; sourceTree = "<group>"; };
		2CA1CCB31F0D0D5E002FE6A2 /* SettingsViewController.h */ = {isa = PBXFileReference; fileEncoding = 4; lastKnownFileType = sourcecode.c.h; path = SettingsViewController.h; sourceTree = "<group>"; };
		2CA1CCB41F0D0D5E002FE6A2 /* SettingsViewController.m */ = {isa = PBXFileReference; fileEncoding = 4; lastKnownFileType = sourcecode.c.objc; path = SettingsViewController.m; sourceTree = "<group>"; };
		2CA1CCC11F166CC5002FE6A2 /* NCRoom.h */ = {isa = PBXFileReference; fileEncoding = 4; lastKnownFileType = sourcecode.c.h; path = NCRoom.h; sourceTree = "<group>"; };
		2CA1CCC21F166CC5002FE6A2 /* NCRoom.m */ = {isa = PBXFileReference; fileEncoding = 4; lastKnownFileType = sourcecode.c.objc; path = NCRoom.m; sourceTree = "<group>"; };
		2CA1CCC91F17C503002FE6A2 /* AudioToolbox.framework */ = {isa = PBXFileReference; lastKnownFileType = wrapper.framework; name = AudioToolbox.framework; path = System/Library/Frameworks/AudioToolbox.framework; sourceTree = SDKROOT; };
		2CA1CCCB1F181741002FE6A2 /* NCUser.h */ = {isa = PBXFileReference; fileEncoding = 4; lastKnownFileType = sourcecode.c.h; path = NCUser.h; sourceTree = "<group>"; };
		2CA1CCCC1F181741002FE6A2 /* NCUser.m */ = {isa = PBXFileReference; fileEncoding = 4; lastKnownFileType = sourcecode.c.objc; path = NCUser.m; sourceTree = "<group>"; };
		2CA1CCCE1F1E1779002FE6A2 /* SearchTableViewController.h */ = {isa = PBXFileReference; fileEncoding = 4; lastKnownFileType = sourcecode.c.h; path = SearchTableViewController.h; sourceTree = "<group>"; };
		2CA1CCCF1F1E1779002FE6A2 /* SearchTableViewController.m */ = {isa = PBXFileReference; fileEncoding = 4; lastKnownFileType = sourcecode.c.objc; path = SearchTableViewController.m; sourceTree = "<group>"; };
		2CA1CCD31F1E664C002FE6A2 /* ContactsTableViewCell.h */ = {isa = PBXFileReference; fileEncoding = 4; lastKnownFileType = sourcecode.c.h; path = ContactsTableViewCell.h; sourceTree = "<group>"; };
		2CA1CCD41F1E664C002FE6A2 /* ContactsTableViewCell.m */ = {isa = PBXFileReference; fileEncoding = 4; lastKnownFileType = sourcecode.c.objc; path = ContactsTableViewCell.m; sourceTree = "<group>"; };
		2CA1CCD51F1E664C002FE6A2 /* ContactsTableViewCell.xib */ = {isa = PBXFileReference; fileEncoding = 4; lastKnownFileType = file.xib; path = ContactsTableViewCell.xib; sourceTree = "<group>"; };
		2CA1CCD81F1F6FCA002FE6A2 /* CallsTableViewCell.h */ = {isa = PBXFileReference; fileEncoding = 4; lastKnownFileType = sourcecode.c.h; path = CallsTableViewCell.h; sourceTree = "<group>"; };
		2CA1CCD91F1F6FCA002FE6A2 /* CallsTableViewCell.m */ = {isa = PBXFileReference; fileEncoding = 4; lastKnownFileType = sourcecode.c.objc; path = CallsTableViewCell.m; sourceTree = "<group>"; };
		2CA1CCDA1F1F6FCA002FE6A2 /* CallsTableViewCell.xib */ = {isa = PBXFileReference; fileEncoding = 4; lastKnownFileType = file.xib; path = CallsTableViewCell.xib; sourceTree = "<group>"; };
		6267808DF11BEB859C0BE9F1 /* libPods-VideoCalls.a */ = {isa = PBXFileReference; explicitFileType = archive.ar; includeInIndex = 0; path = "libPods-VideoCalls.a"; sourceTree = BUILT_PRODUCTS_DIR; };
		8BD08DF13BF3479DEEECFEB1 /* Pods-VideoCalls.debug.xcconfig */ = {isa = PBXFileReference; includeInIndex = 1; lastKnownFileType = text.xcconfig; name = "Pods-VideoCalls.debug.xcconfig"; path = "Pods/Target Support Files/Pods-VideoCalls/Pods-VideoCalls.debug.xcconfig"; sourceTree = "<group>"; };
		E8DF4DF89BBD55A5ED6488CB /* Pods-VideoCalls.release.xcconfig */ = {isa = PBXFileReference; includeInIndex = 1; lastKnownFileType = text.xcconfig; name = "Pods-VideoCalls.release.xcconfig"; path = "Pods/Target Support Files/Pods-VideoCalls/Pods-VideoCalls.release.xcconfig"; sourceTree = "<group>"; };
/* End PBXFileReference section */

/* Begin PBXFrameworksBuildPhase section */
		2C05747A1EDD9E8E00D9E7F2 /* Frameworks */ = {
			isa = PBXFrameworksBuildPhase;
			buildActionMask = 2147483647;
			files = (
				2CA1CCCA1F17C503002FE6A2 /* AudioToolbox.framework in Frameworks */,
				2CA1CC971F016117002FE6A2 /* Security.framework in Frameworks */,
				2C90E5CF1EDF23A00093D85A /* WebKit.framework in Frameworks */,
				2C4D7D5D1F2F6E9600FF4A0D /* WebRTC.framework in Frameworks */,
				2C90E5691EDDE13A0093D85A /* UIKit.framework in Frameworks */,
				2C90E5671EDDE1340093D85A /* CoreGraphics.framework in Frameworks */,
				2C90E5641EDDE0FB0093D85A /* Foundation.framework in Frameworks */,
				DB6A892B5CEBD4812F7C52EF /* libPods-VideoCalls.a in Frameworks */,
			);
			runOnlyForDeploymentPostprocessing = 0;
		};
/* End PBXFrameworksBuildPhase section */

/* Begin PBXGroup section */
		2C0574741EDD9E8E00D9E7F2 = {
			isa = PBXGroup;
			children = (
				2C4D7D5C1F2F6E9600FF4A0D /* WebRTC.framework */,
				2C05747E1EDD9E8E00D9E7F2 /* Products */,
				2C05749C1EDDA01700D9E7F2 /* ThirdParty */,
				2C05747F1EDD9E8E00D9E7F2 /* VideoCalls */,
				2C90E5621EDDE0FB0093D85A /* Frameworks */,
				926177EBCFB97EA1273DEDB9 /* Pods */,
			);
			sourceTree = "<group>";
		};
		2C05747E1EDD9E8E00D9E7F2 /* Products */ = {
			isa = PBXGroup;
			children = (
				2C05747D1EDD9E8E00D9E7F2 /* VideoCalls.app */,
			);
			name = Products;
			sourceTree = "<group>";
		};
		2C05747F1EDD9E8E00D9E7F2 /* VideoCalls */ = {
			isa = PBXGroup;
			children = (
				2C0574831EDD9E8E00D9E7F2 /* AppDelegate.h */,
				2C0574841EDD9E8E00D9E7F2 /* AppDelegate.m */,
				2C90E5D01EE80C870093D85A /* AuthenticationViewController.h */,
				2C90E5D11EE80C870093D85A /* AuthenticationViewController.m */,
				2CA1CCD81F1F6FCA002FE6A2 /* CallsTableViewCell.h */,
				2CA1CCD91F1F6FCA002FE6A2 /* CallsTableViewCell.m */,
				2CA1CCDA1F1F6FCA002FE6A2 /* CallsTableViewCell.xib */,
				2CA1CCA21F025F64002FE6A2 /* CallsTableViewController.h */,
				2CA1CCA31F025F64002FE6A2 /* CallsTableViewController.m */,
				2C4D7D571F2F6D4500FF4A0D /* CallViewController.h */,
				2C4D7D581F2F6D4500FF4A0D /* CallViewController.m */,
				2C4D7D591F2F6D4500FF4A0D /* CallViewController.xib */,
				2CA1CCD31F1E664C002FE6A2 /* ContactsTableViewCell.h */,
				2CA1CCD41F1E664C002FE6A2 /* ContactsTableViewCell.m */,
				2CA1CCD51F1E664C002FE6A2 /* ContactsTableViewCell.xib */,
				2CA1CCA51F026222002FE6A2 /* ContactsTableViewController.h */,
				2CA1CCA61F026222002FE6A2 /* ContactsTableViewController.m */,
				2CA1CCAB1F067F35002FE6A2 /* Images.xcassets */,
				2C0574941EDD9E8E00D9E7F2 /* Info.plist */,
				2C0574911EDD9E8E00D9E7F2 /* LaunchScreen.storyboard */,
				2C0574A11EDDA2E300D9E7F2 /* LoginViewController.h */,
				2C0574A21EDDA2E300D9E7F2 /* LoginViewController.m */,
				2C0574A31EDDA2E300D9E7F2 /* LoginViewController.xib */,
				2C05748C1EDD9E8E00D9E7F2 /* Main.storyboard */,
				2CA1CCA81F02D1A4002FE6A2 /* NCAPIController.h */,
				2CA1CCA91F02D1A4002FE6A2 /* NCAPIController.m */,
				2CA1CC8F1F014354002FE6A2 /* NCConnectionController.h */,
				2CA1CC901F014354002FE6A2 /* NCConnectionController.m */,
				2CA1CCC11F166CC5002FE6A2 /* NCRoom.h */,
				2CA1CCC21F166CC5002FE6A2 /* NCRoom.m */,
				2CA1CC931F014EF9002FE6A2 /* NCSettingsController.h */,
				2CA1CC941F014EF9002FE6A2 /* NCSettingsController.m */,
				2C2E64231F3462AF00D39CE8 /* NCSignalingMessage.h */,
				2C2E64241F3462AF00D39CE8 /* NCSignalingMessage.m */,
				2CA1CCCB1F181741002FE6A2 /* NCUser.h */,
				2CA1CCCC1F181741002FE6A2 /* NCUser.m */,
				2CA1CCCE1F1E1779002FE6A2 /* SearchTableViewController.h */,
				2CA1CCCF1F1E1779002FE6A2 /* SearchTableViewController.m */,
				2CA1CCB31F0D0D5E002FE6A2 /* SettingsViewController.h */,
				2CA1CCB41F0D0D5E002FE6A2 /* SettingsViewController.m */,
				2C0574801EDD9E8E00D9E7F2 /* Supporting Files */,
			);
			path = VideoCalls;
			sourceTree = "<group>";
		};
		2C0574801EDD9E8E00D9E7F2 /* Supporting Files */ = {
			isa = PBXGroup;
			children = (
				2C0574811EDD9E8E00D9E7F2 /* main.m */,
			);
			name = "Supporting Files";
			sourceTree = "<group>";
		};
		2C05749C1EDDA01700D9E7F2 /* ThirdParty */ = {
			isa = PBXGroup;
			children = (
				2C9219591F58530B008AC1A3 /* UIImageView+Letters */,
				2C4D7D601F2F7C2C00FF4A0D /* AppRTC */,
				2CA1CC9B1F0161FB002FE6A2 /* UICKeyChainStore */,
			);
			name = ThirdParty;
			sourceTree = "<group>";
		};
		2C4D7D601F2F7C2C00FF4A0D /* AppRTC */ = {
			isa = PBXGroup;
			children = (
				2C4D7D611F2F7C2C00FF4A0D /* ARDCaptureController.h */,
				2C4D7D621F2F7C2C00FF4A0D /* ARDCaptureController.m */,
				2C9E6CCC1F6F34F000399B7A /* ARDSDPUtils.h */,
				2C9E6CCD1F6F34F000399B7A /* ARDSDPUtils.m */,
				2C4D7D641F2F7DBC00FF4A0D /* ARDSettingsModel.h */,
				2C4D7D651F2F7DBC00FF4A0D /* ARDSettingsModel.m */,
				2C4D7D661F2F7DBC00FF4A0D /* ARDSettingsModel+Private.h */,
				2C4D7D671F2F7DBC00FF4A0D /* ARDSettingsStore.h */,
				2C4D7D681F2F7DBC00FF4A0D /* ARDSettingsStore.m */,
				2C4D7D741F30F7B600FF4A0D /* ARDUtilities.h */,
				2C4D7D751F30F7B600FF4A0D /* ARDUtilities.m */,
				2C4D7D6D1F309DA500FF4A0D /* RTCIceCandidate+JSON.h */,
				2C4D7D6E1F309DA500FF4A0D /* RTCIceCandidate+JSON.m */,
				2C4D7D6F1F309DA500FF4A0D /* RTCSessionDescription+JSON.h */,
				2C4D7D701F309DA500FF4A0D /* RTCSessionDescription+JSON.m */,
			);
			name = AppRTC;
			path = ThirdParty/AppRTC;
			sourceTree = "<group>";
		};
		2C90E5621EDDE0FB0093D85A /* Frameworks */ = {
			isa = PBXGroup;
			children = (
				2C4D7D551F2F607E00FF4A0D /* WebRTC.framework */,
				2CA1CCC91F17C503002FE6A2 /* AudioToolbox.framework */,
				2CA1CC961F016117002FE6A2 /* Security.framework */,
				2C90E5CE1EDF23A00093D85A /* WebKit.framework */,
				2C90E5681EDDE13A0093D85A /* UIKit.framework */,
				2C90E5661EDDE1340093D85A /* CoreGraphics.framework */,
				2C90E5631EDDE0FB0093D85A /* Foundation.framework */,
				6267808DF11BEB859C0BE9F1 /* libPods-VideoCalls.a */,
			);
			name = Frameworks;
			sourceTree = "<group>";
		};
		2C9219591F58530B008AC1A3 /* UIImageView+Letters */ = {
			isa = PBXGroup;
			children = (
				2C92195A1F58530B008AC1A3 /* UIImageView+Letters.h */,
				2C92195B1F58530B008AC1A3 /* UIImageView+Letters.m */,
			);
			name = "UIImageView+Letters";
			path = "ThirdParty/UIImageView+Letters";
			sourceTree = "<group>";
		};
		2CA1CC9B1F0161FB002FE6A2 /* UICKeyChainStore */ = {
			isa = PBXGroup;
			children = (
				2CA1CC981F0161EA002FE6A2 /* UICKeyChainStore.h */,
				2CA1CC991F0161EA002FE6A2 /* UICKeyChainStore.m */,
			);
			name = UICKeyChainStore;
			sourceTree = "<group>";
		};
		926177EBCFB97EA1273DEDB9 /* Pods */ = {
			isa = PBXGroup;
			children = (
				8BD08DF13BF3479DEEECFEB1 /* Pods-VideoCalls.debug.xcconfig */,
				E8DF4DF89BBD55A5ED6488CB /* Pods-VideoCalls.release.xcconfig */,
			);
			name = Pods;
			sourceTree = "<group>";
		};
/* End PBXGroup section */

/* Begin PBXNativeTarget section */
		2C05747C1EDD9E8E00D9E7F2 /* VideoCalls */ = {
			isa = PBXNativeTarget;
			buildConfigurationList = 2C0574971EDD9E8E00D9E7F2 /* Build configuration list for PBXNativeTarget "VideoCalls" */;
			buildPhases = (
				902A7A3EC0BDCC947AEF3EBF /* [CP] Check Pods Manifest.lock */,
				2C0574791EDD9E8E00D9E7F2 /* Sources */,
				2C05747A1EDD9E8E00D9E7F2 /* Frameworks */,
				2C05747B1EDD9E8E00D9E7F2 /* Resources */,
				29696B57B26EBF9C28436CE8 /* [CP] Embed Pods Frameworks */,
				A3C686B1B84C4462F93441AB /* [CP] Copy Pods Resources */,
				2C4D7D5F1F2F6E9600FF4A0D /* Embed Frameworks */,
			);
			buildRules = (
			);
			dependencies = (
			);
			name = VideoCalls;
			productName = VideoCalls;
			productReference = 2C05747D1EDD9E8E00D9E7F2 /* VideoCalls.app */;
			productType = "com.apple.product-type.application";
		};
/* End PBXNativeTarget section */

/* Begin PBXProject section */
		2C0574751EDD9E8E00D9E7F2 /* Project object */ = {
			isa = PBXProject;
			attributes = {
				LastUpgradeCheck = 0830;
				ORGANIZATIONNAME = "struktur AG";
				TargetAttributes = {
					2C05747C1EDD9E8E00D9E7F2 = {
						CreatedOnToolsVersion = 8.3.2;
						DevelopmentTeam = 7T56CJ62G4;
						ProvisioningStyle = Automatic;
					};
				};
			};
			buildConfigurationList = 2C0574781EDD9E8E00D9E7F2 /* Build configuration list for PBXProject "VideoCalls" */;
			compatibilityVersion = "Xcode 3.2";
			developmentRegion = English;
			hasScannedForEncodings = 0;
			knownRegions = (
				en,
				Base,
			);
			mainGroup = 2C0574741EDD9E8E00D9E7F2;
			productRefGroup = 2C05747E1EDD9E8E00D9E7F2 /* Products */;
			projectDirPath = "";
			projectRoot = "";
			targets = (
				2C05747C1EDD9E8E00D9E7F2 /* VideoCalls */,
			);
		};
/* End PBXProject section */

/* Begin PBXResourcesBuildPhase section */
		2C05747B1EDD9E8E00D9E7F2 /* Resources */ = {
			isa = PBXResourcesBuildPhase;
			buildActionMask = 2147483647;
			files = (
				2C0574A51EDDA2E300D9E7F2 /* LoginViewController.xib in Resources */,
				2CA1CCDC1F1F6FCA002FE6A2 /* CallsTableViewCell.xib in Resources */,
				2C0574931EDD9E8E00D9E7F2 /* LaunchScreen.storyboard in Resources */,
				2CA1CCAC1F067F35002FE6A2 /* Images.xcassets in Resources */,
				2C4D7D5B1F2F6D4500FF4A0D /* CallViewController.xib in Resources */,
				2CA1CCD71F1E664C002FE6A2 /* ContactsTableViewCell.xib in Resources */,
				2C05748E1EDD9E8E00D9E7F2 /* Main.storyboard in Resources */,
			);
			runOnlyForDeploymentPostprocessing = 0;
		};
/* End PBXResourcesBuildPhase section */

/* Begin PBXShellScriptBuildPhase section */
		29696B57B26EBF9C28436CE8 /* [CP] Embed Pods Frameworks */ = {
			isa = PBXShellScriptBuildPhase;
			buildActionMask = 2147483647;
			files = (
			);
			inputPaths = (
			);
			name = "[CP] Embed Pods Frameworks";
			outputPaths = (
			);
			runOnlyForDeploymentPostprocessing = 0;
			shellPath = /bin/sh;
			shellScript = "\"${SRCROOT}/Pods/Target Support Files/Pods-VideoCalls/Pods-VideoCalls-frameworks.sh\"\n";
			showEnvVarsInLog = 0;
		};
		902A7A3EC0BDCC947AEF3EBF /* [CP] Check Pods Manifest.lock */ = {
			isa = PBXShellScriptBuildPhase;
			buildActionMask = 2147483647;
			files = (
			);
			inputPaths = (
			);
			name = "[CP] Check Pods Manifest.lock";
			outputPaths = (
			);
			runOnlyForDeploymentPostprocessing = 0;
			shellPath = /bin/sh;
			shellScript = "diff \"${PODS_PODFILE_DIR_PATH}/Podfile.lock\" \"${PODS_ROOT}/Manifest.lock\" > /dev/null\nif [ $? != 0 ] ; then\n    # print error to STDERR\n    echo \"error: The sandbox is not in sync with the Podfile.lock. Run 'pod install' or update your CocoaPods installation.\" >&2\n    exit 1\nfi\n";
			showEnvVarsInLog = 0;
		};
		A3C686B1B84C4462F93441AB /* [CP] Copy Pods Resources */ = {
			isa = PBXShellScriptBuildPhase;
			buildActionMask = 2147483647;
			files = (
			);
			inputPaths = (
			);
			name = "[CP] Copy Pods Resources";
			outputPaths = (
			);
			runOnlyForDeploymentPostprocessing = 0;
			shellPath = /bin/sh;
			shellScript = "\"${SRCROOT}/Pods/Target Support Files/Pods-VideoCalls/Pods-VideoCalls-resources.sh\"\n";
			showEnvVarsInLog = 0;
		};
/* End PBXShellScriptBuildPhase section */

/* Begin PBXSourcesBuildPhase section */
		2C0574791EDD9E8E00D9E7F2 /* Sources */ = {
			isa = PBXSourcesBuildPhase;
			buildActionMask = 2147483647;
			files = (
				2C0574851EDD9E8E00D9E7F2 /* AppDelegate.m in Sources */,
				2CA1CCDB1F1F6FCA002FE6A2 /* CallsTableViewCell.m in Sources */,
				2CA1CCC31F166CC5002FE6A2 /* NCRoom.m in Sources */,
				2CA1CCA71F026222002FE6A2 /* ContactsTableViewController.m in Sources */,
				2C4D7D761F30F7B600FF4A0D /* ARDUtilities.m in Sources */,
				2CA1CCAA1F02D1A4002FE6A2 /* NCAPIController.m in Sources */,
				2C4D7D731F309DA500FF4A0D /* RTCSessionDescription+JSON.m in Sources */,
				2C2E64251F3462AF00D39CE8 /* NCSignalingMessage.m in Sources */,
				2C4D7D721F309DA500FF4A0D /* RTCIceCandidate+JSON.m in Sources */,
				2C9E6CCE1F6F34F000399B7A /* ARDSDPUtils.m in Sources */,
				2C0574821EDD9E8E00D9E7F2 /* main.m in Sources */,
				2CA1CCA41F025F64002FE6A2 /* CallsTableViewController.m in Sources */,
				2C90E5D31EE80C870093D85A /* AuthenticationViewController.m in Sources */,
				2CA1CCD01F1E1779002FE6A2 /* SearchTableViewController.m in Sources */,
				2C0574A41EDDA2E300D9E7F2 /* LoginViewController.m in Sources */,
				2CA1CCCD1F181741002FE6A2 /* NCUser.m in Sources */,
				2C4D7D5A1F2F6D4500FF4A0D /* CallViewController.m in Sources */,
				2CA1CCD61F1E664C002FE6A2 /* ContactsTableViewCell.m in Sources */,
				2CA1CC911F014354002FE6A2 /* NCConnectionController.m in Sources */,
				2C92195C1F58530B008AC1A3 /* UIImageView+Letters.m in Sources */,
				2C4D7D691F2F7DBC00FF4A0D /* ARDSettingsModel.m in Sources */,
				2CA1CCB51F0D0D5E002FE6A2 /* SettingsViewController.m in Sources */,
				2CA1CC951F014EF9002FE6A2 /* NCSettingsController.m in Sources */,
				2C4D7D631F2F7C2C00FF4A0D /* ARDCaptureController.m in Sources */,
				2C4D7D6A1F2F7DBC00FF4A0D /* ARDSettingsStore.m in Sources */,
				2CA1CC9A1F0161EA002FE6A2 /* UICKeyChainStore.m in Sources */,
			);
			runOnlyForDeploymentPostprocessing = 0;
		};
/* End PBXSourcesBuildPhase section */

/* Begin PBXVariantGroup section */
		2C05748C1EDD9E8E00D9E7F2 /* Main.storyboard */ = {
			isa = PBXVariantGroup;
			children = (
				2C05748D1EDD9E8E00D9E7F2 /* Base */,
			);
			name = Main.storyboard;
			sourceTree = "<group>";
		};
		2C0574911EDD9E8E00D9E7F2 /* LaunchScreen.storyboard */ = {
			isa = PBXVariantGroup;
			children = (
				2C0574921EDD9E8E00D9E7F2 /* Base */,
			);
			name = LaunchScreen.storyboard;
			sourceTree = "<group>";
		};
/* End PBXVariantGroup section */

/* Begin XCBuildConfiguration section */
		2C0574951EDD9E8E00D9E7F2 /* Debug */ = {
			isa = XCBuildConfiguration;
			buildSettings = {
				ALWAYS_SEARCH_USER_PATHS = NO;
				CLANG_ANALYZER_NONNULL = YES;
				CLANG_ANALYZER_NUMBER_OBJECT_CONVERSION = YES_AGGRESSIVE;
				CLANG_CXX_LANGUAGE_STANDARD = "gnu++0x";
				CLANG_CXX_LIBRARY = "libc++";
				CLANG_ENABLE_MODULES = YES;
				CLANG_ENABLE_OBJC_ARC = YES;
				CLANG_WARN_BOOL_CONVERSION = YES;
				CLANG_WARN_CONSTANT_CONVERSION = YES;
				CLANG_WARN_DIRECT_OBJC_ISA_USAGE = YES_ERROR;
				CLANG_WARN_DOCUMENTATION_COMMENTS = YES;
				CLANG_WARN_EMPTY_BODY = YES;
				CLANG_WARN_ENUM_CONVERSION = YES;
				CLANG_WARN_INFINITE_RECURSION = YES;
				CLANG_WARN_INT_CONVERSION = YES;
				CLANG_WARN_OBJC_ROOT_CLASS = YES_ERROR;
				CLANG_WARN_SUSPICIOUS_MOVE = YES;
				CLANG_WARN_UNREACHABLE_CODE = YES;
				CLANG_WARN__DUPLICATE_METHOD_MATCH = YES;
				"CODE_SIGN_IDENTITY[sdk=iphoneos*]" = "iPhone Developer";
				COPY_PHASE_STRIP = NO;
				DEBUG_INFORMATION_FORMAT = dwarf;
				ENABLE_STRICT_OBJC_MSGSEND = YES;
				ENABLE_TESTABILITY = YES;
				GCC_C_LANGUAGE_STANDARD = gnu99;
				GCC_DYNAMIC_NO_PIC = NO;
				GCC_NO_COMMON_BLOCKS = YES;
				GCC_OPTIMIZATION_LEVEL = 0;
				GCC_PREPROCESSOR_DEFINITIONS = (
					"DEBUG=1",
					"$(inherited)",
				);
				GCC_WARN_64_TO_32_BIT_CONVERSION = YES;
				GCC_WARN_ABOUT_RETURN_TYPE = YES_ERROR;
				GCC_WARN_UNDECLARED_SELECTOR = YES;
				GCC_WARN_UNINITIALIZED_AUTOS = YES_AGGRESSIVE;
				GCC_WARN_UNUSED_FUNCTION = YES;
				GCC_WARN_UNUSED_VARIABLE = YES;
				IPHONEOS_DEPLOYMENT_TARGET = 10.3;
				MTL_ENABLE_DEBUG_INFO = YES;
				ONLY_ACTIVE_ARCH = YES;
				SDKROOT = iphoneos;
				TARGETED_DEVICE_FAMILY = "1,2";
			};
			name = Debug;
		};
		2C0574961EDD9E8E00D9E7F2 /* Release */ = {
			isa = XCBuildConfiguration;
			buildSettings = {
				ALWAYS_SEARCH_USER_PATHS = NO;
				CLANG_ANALYZER_NONNULL = YES;
				CLANG_ANALYZER_NUMBER_OBJECT_CONVERSION = YES_AGGRESSIVE;
				CLANG_CXX_LANGUAGE_STANDARD = "gnu++0x";
				CLANG_CXX_LIBRARY = "libc++";
				CLANG_ENABLE_MODULES = YES;
				CLANG_ENABLE_OBJC_ARC = YES;
				CLANG_WARN_BOOL_CONVERSION = YES;
				CLANG_WARN_CONSTANT_CONVERSION = YES;
				CLANG_WARN_DIRECT_OBJC_ISA_USAGE = YES_ERROR;
				CLANG_WARN_DOCUMENTATION_COMMENTS = YES;
				CLANG_WARN_EMPTY_BODY = YES;
				CLANG_WARN_ENUM_CONVERSION = YES;
				CLANG_WARN_INFINITE_RECURSION = YES;
				CLANG_WARN_INT_CONVERSION = YES;
				CLANG_WARN_OBJC_ROOT_CLASS = YES_ERROR;
				CLANG_WARN_SUSPICIOUS_MOVE = YES;
				CLANG_WARN_UNREACHABLE_CODE = YES;
				CLANG_WARN__DUPLICATE_METHOD_MATCH = YES;
				"CODE_SIGN_IDENTITY[sdk=iphoneos*]" = "iPhone Developer";
				COPY_PHASE_STRIP = NO;
				DEBUG_INFORMATION_FORMAT = "dwarf-with-dsym";
				ENABLE_NS_ASSERTIONS = NO;
				ENABLE_STRICT_OBJC_MSGSEND = YES;
				GCC_C_LANGUAGE_STANDARD = gnu99;
				GCC_NO_COMMON_BLOCKS = YES;
				GCC_WARN_64_TO_32_BIT_CONVERSION = YES;
				GCC_WARN_ABOUT_RETURN_TYPE = YES_ERROR;
				GCC_WARN_UNDECLARED_SELECTOR = YES;
				GCC_WARN_UNINITIALIZED_AUTOS = YES_AGGRESSIVE;
				GCC_WARN_UNUSED_FUNCTION = YES;
				GCC_WARN_UNUSED_VARIABLE = YES;
				IPHONEOS_DEPLOYMENT_TARGET = 10.3;
				MTL_ENABLE_DEBUG_INFO = NO;
				SDKROOT = iphoneos;
				TARGETED_DEVICE_FAMILY = "1,2";
				VALIDATE_PRODUCT = YES;
			};
			name = Release;
		};
		2C0574981EDD9E8E00D9E7F2 /* Debug */ = {
			isa = XCBuildConfiguration;
			baseConfigurationReference = 8BD08DF13BF3479DEEECFEB1 /* Pods-VideoCalls.debug.xcconfig */;
			buildSettings = {
				ASSETCATALOG_COMPILER_APPICON_NAME = AppIcon;
				DEVELOPMENT_TEAM = 7T56CJ62G4;
				ENABLE_BITCODE = NO;
				FRAMEWORK_SEARCH_PATHS = (
					"$(inherited)",
					"$(PROJECT_DIR)/ThirdParty/WebRTC",
				);
				INFOPLIST_FILE = VideoCalls/Info.plist;
				IPHONEOS_DEPLOYMENT_TARGET = 9.0;
				LD_RUNPATH_SEARCH_PATHS = "$(inherited) @executable_path/Frameworks";
				PRODUCT_BUNDLE_IDENTIFIER = com.strukturag.VideoCalls;
				PRODUCT_NAME = "$(TARGET_NAME)";
			};
			name = Debug;
		};
		2C0574991EDD9E8E00D9E7F2 /* Release */ = {
			isa = XCBuildConfiguration;
			baseConfigurationReference = E8DF4DF89BBD55A5ED6488CB /* Pods-VideoCalls.release.xcconfig */;
			buildSettings = {
				ASSETCATALOG_COMPILER_APPICON_NAME = AppIcon;
				DEVELOPMENT_TEAM = 7T56CJ62G4;
				ENABLE_BITCODE = NO;
				FRAMEWORK_SEARCH_PATHS = (
					"$(inherited)",
					"$(PROJECT_DIR)/ThirdParty/WebRTC",
				);
				INFOPLIST_FILE = VideoCalls/Info.plist;
				IPHONEOS_DEPLOYMENT_TARGET = 9.0;
				LD_RUNPATH_SEARCH_PATHS = "$(inherited) @executable_path/Frameworks";
				PRODUCT_BUNDLE_IDENTIFIER = com.strukturag.VideoCalls;
				PRODUCT_NAME = "$(TARGET_NAME)";
			};
			name = Release;
		};
/* End XCBuildConfiguration section */

/* Begin XCConfigurationList section */
		2C0574781EDD9E8E00D9E7F2 /* Build configuration list for PBXProject "VideoCalls" */ = {
			isa = XCConfigurationList;
			buildConfigurations = (
				2C0574951EDD9E8E00D9E7F2 /* Debug */,
				2C0574961EDD9E8E00D9E7F2 /* Release */,
			);
			defaultConfigurationIsVisible = 0;
			defaultConfigurationName = Release;
		};
		2C0574971EDD9E8E00D9E7F2 /* Build configuration list for PBXNativeTarget "VideoCalls" */ = {
			isa = XCConfigurationList;
			buildConfigurations = (
				2C0574981EDD9E8E00D9E7F2 /* Debug */,
				2C0574991EDD9E8E00D9E7F2 /* Release */,
			);
			defaultConfigurationIsVisible = 0;
			defaultConfigurationName = Release;
		};
/* End XCConfigurationList section */
	};
	rootObject = 2C0574751EDD9E8E00D9E7F2 /* Project object */;
}
