PODS:
  - AFNetworking (3.2.0):
    - AFNetworking/NSURLSession (= 3.2.0)
    - AFNetworking/Reachability (= 3.2.0)
    - AFNetworking/Security (= 3.2.0)
    - AFNetworking/Serialization (= 3.2.0)
    - AFNetworking/UIKit (= 3.2.0)
  - AFNetworking/NSURLSession (3.2.0):
    - AFNetworking/Reachability
    - AFNetworking/Security
    - AFNetworking/Serialization
  - AFNetworking/Reachability (3.2.0)
  - AFNetworking/Security (3.2.0)
  - AFNetworking/Serialization (3.2.0)
  - AFNetworking/UIKit (3.2.0):
    - AFNetworking/NSURLSession
  - MaterialComponents/ActivityIndicator (124.2.0):
    - MaterialComponents/Palettes
    - MaterialComponents/private/Application
    - MDFInternationalization
    - MotionAnimator (~> 4.0)
  - MaterialComponents/Palettes (124.2.0)
  - MaterialComponents/private/Application (124.2.0)
  - MDFInternationalization (3.0.0)
  - MobileVLCKit (3.5.1)
  - MotionAnimator (4.0.1):
    - MotionInterchange (~> 3.0)
  - MotionInterchange (3.0.0)

DEPENDENCIES:
  - AFNetworking (= 3.2.0)
  - MaterialComponents/ActivityIndicator
  - MobileVLCKit (~> 3.5.0)

SPEC REPOS:
  trunk:
    - AFNetworking
    - MaterialComponents
    - MDFInternationalization
    - MobileVLCKit
    - MotionAnimator
    - MotionInterchange

SPEC CHECKSUMS:
  AFNetworking: 2287d2a061a9695bdfe6ea82f484e56d76ee2631
  MaterialComponents: 1a9b2d9d45b1601ae544de85089adc4c464306d4
  MDFInternationalization: d697c55307816222a55685c4ccb1044ffb030c12
  MobileVLCKit: 144d5f565512d1147d63b0fa1379231b3fd66535
  MotionAnimator: 5f99d7c9592928c0f28a66283eda9c3b657dc480
  MotionInterchange: 13adae439b377e31d1674cc165539d50e1d1566a

PODFILE CHECKSUM: 307b726ad9bd9b71a9b40ef82e528d1449bc16b9

COCOAPODS: 1.17.0
